# This file was autogenerated by Stack.
# You should not edit this file by hand.
# For more information, please see the documentation at:
#   https://docs.haskellstack.org/en/stable/lock_files

packages:
- completed:
    hackage: mysql-haskell-1.1.4@sha256:3a3d9022168bda3bc30f86f7453c9104ee3ca67bb78c564009504cc9d7bcaed8,5137
    pantry-tree:
      sha256: b8881e0c71ca770f379b0a4d4679a33f21c9e7cbee5256321b0c43f7d1e6b8de
      size: 4968
  original:
    hackage: mysql-haskell-1.1.4
- completed:
    hackage: io-streams-1.5.2.2@sha256:4c2c45cfd936e84696b0ecbb934fbdc661613fd5047d99049d59e186b7ab47a0,9709
    pantry-tree:
      sha256: eb8480c6d9a0fb371830bc7d8f4f1dd5cd7e3e802021eac67ec0787d013ed189
      size: 3465
  original:
    hackage: io-streams-1.5.2.2
- completed:
    hackage: crypton-0.34@sha256:9e4b50d79d1fba681befa08151db7223d2b4bb72564853e8530e614105d53a1a,14577
    pantry-tree:
      sha256: 85f438e6d328fc2e464c8914a08089ff312044b96ac155a25747512e440e0a12
      size: 23275
  original:
    hackage: crypton-0.34
- completed:
    hackage: crypton-x509-1.7.6@sha256:c567657a705b6d6521f9dd2de999bf530d618ec00f3b939df76a41fb0fe94281,2339
    pantry-tree:
      sha256: 729e7db8dfc0a8b43e08bbd8d1387c9065e39beda6ac39e0fb9f10140810a3eb
      size: 1080
  original:
    hackage: crypton-x509-1.7.6
- completed:
    hackage: crypton-x509-store-1.6.9@sha256:422b9b9f87a7382c66385d047615b16fc86a68c08ea22b1e0117c143a2d44050,1750
    pantry-tree:
      sha256: 87654d130a7f987ee139c821a1be45736d18df9fa4cb1142c4e054d3802338f3
      size: 406
  original:
    hackage: crypton-x509-store-1.6.9
- completed:
    hackage: crypton-x509-system-1.6.7@sha256:023ed573d82983bc473a37a89e0434a085b413be9f68d07e085361056afd4637,1532
    pantry-tree:
      sha256: c0ca49e6a9537f3fdb7b47c5cfe93f7d744a369bf9d089f3c668b9c2d97402b7
      size: 399
  original:
    hackage: crypton-x509-system-1.6.7
- completed:
    hackage: tls-2.0.2@sha256:4c8b853997cb049bd88bac431a65bee4afd32860ae0ea62afaf303101298c03f,6037
    pantry-tree:
      sha256: f8033c07d5040b36b053cb86646fb3056279537df887569e15004e0cc90af2c6
      size: 6391
  original:
    hackage: tls-2.0.2
- completed:
    hackage: crypton-x509-validation-1.6.12@sha256:85989721b64be4b90de9f66ef641c26f57575cffed1a50d707065fb60176f386,2227
    pantry-tree:
      sha256: d4a0135f11218614fcd912cffaf54de8f749caca8696380e2589cbcfd64cc681
      size: 639
  original:
    hackage: crypton-x509-validation-1.6.12@sha256:85989721b64be4b90de9f66ef641c26f57575cffed1a50d707065fb60176f386,2227
snapshots:
- completed:
    sha256: 126fa33ceb11f5e85ceb4e86d434756bd9a8439e2e5776d306a15fbc63b01e89
    size: 650041
    url: https://raw.githubusercontent.com/commercialhaskell/stackage-snapshots/master/lts/20/20.yaml
  original: lts-20.20
